%{"cowboy": {:git, "git://github.com/extend/cowboy.git", "db52494371ea249f38d51108c7d79cf487ff6374", [tag: "0.9.0"]},
  "cowlib": {:git, "git://github.com/extend/cowlib.git", "63298e8e160031a70efff86a1acde7e7db1fcda6", [ref: "0.4.0"]},
  "jsex": {:package, "2.0.0"},
  "jsx": {:package, "2.0.2"},
  "meck": {:git, "git://github.com/eproxus/meck.git", "dde759050eff19a1a80fd854d7375174b191665d", [tag: "0.8.2"]},
  "ranch": {:git, "git://github.com/extend/ranch.git", "5df1f222f94e08abdcab7084f5e13027143cc222", [ref: "0.9.0"]}}
