%{"cowboy": {:hex, :cowboy, "1.0.0", "d0b46a5e5f971c5543eb46f86fe76b9add567d12fb5262a852b8f27c64c0555d", [:make, :rebar], [{:cowlib, "~> 1.0.0", [hex: :cowlib, optional: false]}, {:ranch, "~> 1.0", [hex: :ranch, optional: false]}]},
  "cowlib": {:hex, :cowlib, "1.0.0", "397d890d669e56d486b0b5329973ad1a07012412bc110d34a737698dd6941741", [:make], []},
  "earmark": {:hex, :earmark, "1.0.1", "2c2cd903bfdc3de3f189bd9a8d4569a075b88a8981ded9a0d95672f6e2b63141", [:mix], []},
  "ex_doc": {:hex, :ex_doc, "0.13.0", "aa2f8fe4c6136a2f7cfc0a7e06805f82530e91df00e2bff4b4362002b43ada65", [:mix], [{:earmark, "~> 1.0", [hex: :earmark, optional: false]}]},
  "exjsx": {:hex, :exjsx, "3.1.0", "d419162cb2d5be80070835c2c2b8c78c8c45907706c991d23f3750dae506d1e9", [:mix], [{:jsx, "~> 2.4.0", [hex: :jsx, optional: false]}]},
  "jsx": {:hex, :jsx, "2.4.0", "fb83830ac15e981b6ce310b645324ceecd01b1e0847d23921c33df829de5d2db", [:mix], []},
  "meck": {:hex, :meck, "0.8.2", "f15f7d513e14ec8c8dee9a95d4ae585b3e5a88bf0fa6a7573240d6ddb58a7236", [:make, :rebar], []},
  "ranch": {:hex, :ranch, "1.0.0", "e3ac054e4265de77e2d2696dd7e1d6a67b7525aade13ba10c860e7f499a0d433", [:make], []}}
